
Microsoft Visual Studio Solution File, Format Version 12.00
# Visual Studio Version 18
VisualStudioVersion = 18.6.11822.322
MinimumVisualStudioVersion = 10.0.40219.1
Project("{2150E333-8FDC-42A3-9474-1A3956D46DE8}") = "Bootstrapper", "Bootstrapper", "{409AD131-13AD-4358-A8D4-C7B29F3D5522}"
EndProject
Project("{2150E333-8FDC-42A3-9474-1A3956D46DE8}") = "Shared", "Shared", "{1851A77B-EEFE-47B8-8A1A-D2A4BEC68638}"
EndProject
Project("{2150E333-8FDC-42A3-9474-1A3956D46DE8}") = "Modules", "Modules", "{F0471AE2-4068-4A3B-B07B-FB8E59D2E41B}"
EndProject
Project("{FAE04EC0-301F-11D3-BF4B-00C04F79EFBC}") = "Api", "Bootstrapper\Api\Api.csproj", "{88410D8D-F6F4-4719-9EF7-972033971AB7}"
EndProject
Project("{2150E333-8FDC-42A3-9474-1A3956D46DE8}") = "Basket", "Basket", "{004A0DE3-A891-4369-AA37-9F069DBE9DEF}"
EndProject
Project("{2150E333-8FDC-42A3-9474-1A3956D46DE8}") = "Catalog", "Catalog", "{76C711B9-0A3C-4CAA-AE9D-C591060839A5}"
EndProject
Project("{2150E333-8FDC-42A3-9474-1A3956D46DE8}") = "Ordering", "Ordering", "{C8AFF076-FAC2-4574-9785-D9032A6399FA}"
EndProject
Project("{FAE04EC0-301F-11D3-BF4B-00C04F79EFBC}") = "Catalog", "Modules\Catalog\Catalog\Catalog.csproj", "{E0E2E106-47EC-49F8-B4D2-F391E6ED929C}"
EndProject
Project("{FAE04EC0-301F-11D3-BF4B-00C04F79EFBC}") = "Basket", "Modules\Basket\Basket\Basket.csproj", "{741B1830-DD73-4A8F-9620-6E437C359EC8}"
EndProject
Project("{FAE04EC0-301F-11D3-BF4B-00C04F79EFBC}") = "Ordering", "Modules\Ordering\Ordering\Ordering.csproj", "{CD94F40E-00CA-4D09-B01F-D9F7645205C8}"
EndProject
Project("{FAE04EC0-301F-11D3-BF4B-00C04F79EFBC}") = "Shared", "Shared\Shared\Shared.csproj", "{A22D04D3-D712-46B3-8276-994EFE2C67AC}"
EndProject
Global
	GlobalSection(SolutionConfigurationPlatforms) = preSolution
		Debug|Any CPU = Debug|Any CPU
		Release|Any CPU = Release|Any CPU
	EndGlobalSection
	GlobalSection(ProjectConfigurationPlatforms) = postSolution
		{88410D8D-F6F4-4719-9EF7-972033971AB7}.Debug|Any CPU.ActiveCfg = Debug|Any CPU
		{88410D8D-F6F4-4719-9EF7-972033971AB7}.Debug|Any CPU.Build.0 = Debug|Any CPU
		{88410D8D-F6F4-4719-9EF7-972033971AB7}.Release|Any CPU.ActiveCfg = Release|Any CPU
		{88410D8D-F6F4-4719-9EF7-972033971AB7}.Release|Any CPU.Build.0 = Release|Any CPU
		{E0E2E106-47EC-49F8-B4D2-F391E6ED929C}.Debug|Any CPU.ActiveCfg = Debug|Any CPU
		{E0E2E106-47EC-49F8-B4D2-F391E6ED929C}.Debug|Any CPU.Build.0 = Debug|Any CPU
		{E0E2E106-47EC-49F8-B4D2-F391E6ED929C}.Release|Any CPU.ActiveCfg = Release|Any CPU
		{E0E2E106-47EC-49F8-B4D2-F391E6ED929C}.Release|Any CPU.Build.0 = Release|Any CPU
		{741B1830-DD73-4A8F-9620-6E437C359EC8}.Debug|Any CPU.ActiveCfg = Debug|Any CPU
		{741B1830-DD73-4A8F-9620-6E437C359EC8}.Debug|Any CPU.Build.0 = Debug|Any CPU
		{741B1830-DD73-4A8F-9620-6E437C359EC8}.Release|Any CPU.ActiveCfg = Release|Any CPU
		{741B1830-DD73-4A8F-9620-6E437C359EC8}.Release|Any CPU.Build.0 = Release|Any CPU
		{CD94F40E-00CA-4D09-B01F-D9F7645205C8}.Debug|Any CPU.ActiveCfg = Debug|Any CPU
		{CD94F40E-00CA-4D09-B01F-D9F7645205C8}.Debug|Any CPU.Build.0 = Debug|Any CPU
		{CD94F40E-00CA-4D09-B01F-D9F7645205C8}.Release|Any CPU.ActiveCfg = Release|Any CPU
		{CD94F40E-00CA-4D09-B01F-D9F7645205C8}.Release|Any CPU.Build.0 = Release|Any CPU
		{A22D04D3-D712-46B3-8276-994EFE2C67AC}.Debug|Any CPU.ActiveCfg = Debug|Any CPU
		{A22D04D3-D712-46B3-8276-994EFE2C67AC}.Debug|Any CPU.Build.0 = Debug|Any CPU
		{A22D04D3-D712-46B3-8276-994EFE2C67AC}.Release|Any CPU.ActiveCfg = Release|Any CPU
		{A22D04D3-D712-46B3-8276-994EFE2C67AC}.Release|Any CPU.Build.0 = Release|Any CPU
	EndGlobalSection
	GlobalSection(SolutionProperties) = preSolution
		HideSolutionNode = FALSE
	EndGlobalSection
	GlobalSection(NestedProjects) = preSolution
		{88410D8D-F6F4-4719-9EF7-972033971AB7} = {409AD131-13AD-4358-A8D4-C7B29F3D5522}
		{004A0DE3-A891-4369-AA37-9F069DBE9DEF} = {F0471AE2-4068-4A3B-B07B-FB8E59D2E41B}
		{76C711B9-0A3C-4CAA-AE9D-C591060839A5} = {F0471AE2-4068-4A3B-B07B-FB8E59D2E41B}
		{C8AFF076-FAC2-4574-9785-D9032A6399FA} = {F0471AE2-4068-4A3B-B07B-FB8E59D2E41B}
		{E0E2E106-47EC-49F8-B4D2-F391E6ED929C} = {76C711B9-0A3C-4CAA-AE9D-C591060839A5}
		{741B1830-DD73-4A8F-9620-6E437C359EC8} = {004A0DE3-A891-4369-AA37-9F069DBE9DEF}
		{CD94F40E-00CA-4D09-B01F-D9F7645205C8} = {C8AFF076-FAC2-4574-9785-D9032A6399FA}
		{A22D04D3-D712-46B3-8276-994EFE2C67AC} = {1851A77B-EEFE-47B8-8A1A-D2A4BEC68638}
	EndGlobalSection
	GlobalSection(ExtensibilityGlobals) = postSolution
		SolutionGuid = {CAAD56D8-1B4D-42BA-95BD-CFC0C320C34F}
	EndGlobalSection
EndGlobal
